// !$*UTF8*$!
{
	archiveVersion = 1;
	classes = {
	};
	objectVersion = 46;
	objects = {

/* Begin PBXBuildFile section */
		C247179E1CFE652800EBD303 /* AppDelegate.swift in Sources */ = {isa = PBXBuildFile; fileRef = C247179D1CFE652800EBD303 /* AppDelegate.swift */; };
		C24717A01CFE652800EBD303 /* ViewController.swift in Sources */ = {isa = PBXBuildFile; fileRef = C247179F1CFE652800EBD303 /* ViewController.swift */; };
		C24717A31CFE652800EBD303 /* Main.storyboard in Resources */ = {isa = PBXBuildFile; fileRef = C24717A11CFE652800EBD303 /* Main.storyboard */; };
		C24717A51CFE652800EBD303 /* Assets.xcassets in Resources */ = {isa = PBXBuildFile; fileRef = C24717A41CFE652800EBD303 /* Assets.xcassets */; };
		C24717A81CFE652800EBD303 /* LaunchScreen.storyboard in Resources */ = {isa = PBXBuildFile; fileRef = C24717A61CFE652800EBD303 /* LaunchScreen.storyboard */; };
		C24717B01CFE67B300EBD303 /* RedViewController.swift in Sources */ = {isa = PBXBuildFile; fileRef = C24717AF1CFE67B300EBD303 /* RedViewController.swift */; };
		C24717B21CFE67C500EBD303 /* BlueViewController.swift in Sources */ = {isa = PBXBuildFile; fileRef = C24717B11CFE67C500EBD303 /* BlueViewController.swift */; };
		C24717B41CFE67D400EBD303 /* GreenViewController.swift in Sources */ = {isa = PBXBuildFile; fileRef = C24717B31CFE67D400EBD303 /* GreenViewController.swift */; };
		C24717B61CFE6DCD00EBD303 /* YellowViewController.swift in Sources */ = {isa = PBXBuildFile; fileRef = C24717B51CFE6DCD00EBD303 /* YellowViewController.swift */; };
		C24717B81CFE6DDC00EBD303 /* MintViewController.swift in Sources */ = {isa = PBXBuildFile; fileRef = C24717B71CFE6DDC00EBD303 /* MintViewController.swift */; };
		C24717BC1CFE6FF100EBD303 /* PurpleViewController.swift in Sources */ = {isa = PBXBuildFile; fileRef = C24717BB1CFE6FF100EBD303 /* PurpleViewController.swift */; };
/* End PBXBuildFile section */

/* Begin PBXFileReference section */
		C247179A1CFE652800EBD303 /* ViewSample.app */ = {isa = PBXFileReference; explicitFileType = wrapper.application; includeInIndex = 0; path = ViewSample.app; sourceTree = BUILT_PRODUCTS_DIR; };
		C247179D1CFE652800EBD303 /* AppDelegate.swift */ = {isa = PBXFileReference; lastKnownFileType = sourcecode.swift; path = AppDelegate.swift; sourceTree = "<group>"; };
		C247179F1CFE652800EBD303 /* ViewController.swift */ = {isa = PBXFileReference; lastKnownFileType = sourcecode.swift; path = ViewController.swift; sourceTree = "<group>"; };
		C24717A21CFE652800EBD303 /* Base */ = {isa = PBXFileReference; lastKnownFileType = file.storyboard; name = Base; path = Base.lproj/Main.storyboard; sourceTree = "<group>"; };
		C24717A41CFE652800EBD303 /* Assets.xcassets */ = {isa = PBXFileReference; lastKnownFileType = folder.assetcatalog; path = Assets.xcassets; sourceTree = "<group>"; };
		C24717A71CFE652800EBD303 /* Base */ = {isa = PBXFileReference; lastKnownFileType = file.storyboard; name = Base; path = Base.lproj/LaunchScreen.storyboard; sourceTree = "<group>"; };
		C24717A91CFE652800EBD303 /* Info.plist */ = {isa = PBXFileReference; lastKnownFileType = text.plist.xml; path = Info.plist; sourceTree = "<group>"; };
		C24717AF1CFE67B300EBD303 /* RedViewController.swift */ = {isa = PBXFileReference; fileEncoding = 4; lastKnownFileType = sourcecode.swift; path = RedViewController.swift; sourceTree = "<group>"; };
		C24717B11CFE67C500EBD303 /* BlueViewController.swift */ = {isa = PBXFileReference; fileEncoding = 4; lastKnownFileType = sourcecode.swift; path = BlueViewController.swift; sourceTree = "<group>"; };
		C24717B31CFE67D400EBD303 /* GreenViewController.swift */ = {isa = PBXFileReference; fileEncoding = 4; lastKnownFileType = sourcecode.swift; path = GreenViewController.swift; sourceTree = "<group>"; };
		C24717B51CFE6DCD00EBD303 /* YellowViewController.swift */ = {isa = PBXFileReference; fileEncoding = 4; lastKnownFileType = sourcecode.swift; path = YellowViewController.swift; sourceTree = "<group>"; };
		C24717B71CFE6DDC00EBD303 /* MintViewController.swift */ = {isa = PBXFileReference; fileEncoding = 4; lastKnownFileType = sourcecode.swift; path = MintViewController.swift; sourceTree = "<group>"; };
		C24717BB1CFE6FF100EBD303 /* PurpleViewController.swift */ = {isa = PBXFileReference; fileEncoding = 4; lastKnownFileType = sourcecode.swift; path = PurpleViewController.swift; sourceTree = "<group>"; };
/* End PBXFileReference section */

/* Begin PBXFrameworksBuildPhase section */
		C24717971CFE652800EBD303 /* Frameworks */ = {
			isa = PBXFrameworksBuildPhase;
			buildActionMask = 2147483647;
			files = (
			);
			runOnlyForDeploymentPostprocessing = 0;
		};
/* End PBXFrameworksBuildPhase section */

/* Begin PBXGroup section */
		C24717911CFE652800EBD303 = {
			isa = PBXGroup;
			children = (
				C247179C1CFE652800EBD303 /* ViewSample */,
				C247179B1CFE652800EBD303 /* Products */,
			);
			sourceTree = "<group>";
		};
		C247179B1CFE652800EBD303 /* Products */ = {
			isa = PBXGroup;
			children = (
				C247179A1CFE652800EBD303 /* ViewSample.app */,
			);
			name = Products;
			sourceTree = "<group>";
		};
		C247179C1CFE652800EBD303 /* ViewSample */ = {
			isa = PBXGroup;
			children = (
				C247179D1CFE652800EBD303 /* AppDelegate.swift */,
				C247179F1CFE652800EBD303 /* ViewController.swift */,
				C24717AF1CFE67B300EBD303 /* RedViewController.swift */,
				C24717B31CFE67D400EBD303 /* GreenViewController.swift */,
				C24717B11CFE67C500EBD303 /* BlueViewController.swift */,
				C24717A11CFE652800EBD303 /* Main.storyboard */,
				C24717B51CFE6DCD00EBD303 /* YellowViewController.swift */,
				C24717B71CFE6DDC00EBD303 /* MintViewController.swift */,
				C24717BB1CFE6FF100EBD303 /* PurpleViewController.swift */,
				C24717A41CFE652800EBD303 /* Assets.xcassets */,
				C24717A61CFE652800EBD303 /* LaunchScreen.storyboard */,
				C24717A91CFE652800EBD303 /* Info.plist */,
			);
			path = ViewSample;
			sourceTree = "<group>";
		};
/* End PBXGroup section */

/* Begin PBXNativeTarget section */
		C24717991CFE652800EBD303 /* ViewSample */ = {
			isa = PBXNativeTarget;
			buildConfigurationList = C24717AC1CFE652800EBD303 /* Build configuration list for PBXNativeTarget "ViewSample" */;
			buildPhases = (
				C24717961CFE652800EBD303 /* Sources */,
				C24717971CFE652800EBD303 /* Frameworks */,
				C24717981CFE652800EBD303 /* Resources */,
			);
			buildRules = (
			);
			dependencies = (
			);
			name = ViewSample;
			productName = ViewSample;
			productReference = C247179A1CFE652800EBD303 /* ViewSample.app */;
			productType = "com.apple.product-type.application";
		};
/* End PBXNativeTarget section */

/* Begin PBXProject section */
		C24717921CFE652800EBD303 /* Project object */ = {
			isa = PBXProject;
			attributes = {
				LastSwiftUpdateCheck = 0730;
				LastUpgradeCheck = 0730;
				ORGANIZATIONNAME = JRChae;
				TargetAttributes = {
					C24717991CFE652800EBD303 = {
						CreatedOnToolsVersion = 7.3;
					};
				};
			};
			buildConfigurationList = C24717951CFE652800EBD303 /* Build configuration list for PBXProject "ViewSample" */;
			compatibilityVersion = "Xcode 3.2";
			developmentRegion = English;
			hasScannedForEncodings = 0;
			knownRegions = (
				en,
				Base,
			);
			mainGroup = C24717911CFE652800EBD303;
			productRefGroup = C247179B1CFE652800EBD303 /* Products */;
			projectDirPath = "";
			projectRoot = "";
			targets = (
				C24717991CFE652800EBD303 /* ViewSample */,
			);
		};
/* End PBXProject section */

/* Begin PBXResourcesBuildPhase section */
		C24717981CFE652800EBD303 /* Resources */ = {
			isa = PBXResourcesBuildPhase;
			buildActionMask = 2147483647;
			files = (
				C24717A81CFE652800EBD303 /* LaunchScreen.storyboard in Resources */,
				C24717A51CFE652800EBD303 /* Assets.xcassets in Resources */,
				C24717A31CFE652800EBD303 /* Main.storyboard in Resources */,
			);
			runOnlyForDeploymentPostprocessing = 0;
		};
/* End PBXResourcesBuildPhase section */

/* Begin PBXSourcesBuildPhase section */
		C24717961CFE652800EBD303 /* Sources */ = {
			isa = PBXSourcesBuildPhase;
			buildActionMask = 2147483647;
			files = (
				C24717A01CFE652800EBD303 /* ViewController.swift in Sources */,
				C24717B81CFE6DDC00EBD303 /* MintViewController.swift in Sources */,
				C24717B01CFE67B300EBD303 /* RedViewController.swift in Sources */,
				C24717B21CFE67C500EBD303 /* BlueViewController.swift in Sources */,
				C24717BC1CFE6FF100EBD303 /* PurpleViewController.swift in Sources */,
				C247179E1CFE652800EBD303 /* AppDelegate.swift in Sources */,
				C24717B61CFE6DCD00EBD303 /* YellowViewController.swift in Sources */,
				C24717B41CFE67D400EBD303 /* GreenViewController.swift in Sources */,
			);
			runOnlyForDeploymentPostprocessing = 0;
		};
/* End PBXSourcesBuildPhase section */

/* Begin PBXVariantGroup section */
		C24717A11CFE652800EBD303 /* Main.storyboard */ = {
			isa = PBXVariantGroup;
			children = (
				C24717A21CFE652800EBD303 /* Base */,
			);
			name = Main.storyboard;
			sourceTree = "<group>";
		};
		C24717A61CFE652800EBD303 /* LaunchScreen.storyboard */ = {
			isa = PBXVariantGroup;
			children = (
				C24717A71CFE652800EBD303 /* Base */,
			);
			name = LaunchScreen.storyboard;
			sourceTree = "<group>";
		};
/* End PBXVariantGroup section */

/* Begin XCBuildConfiguration section */
		C24717AA1CFE652800EBD303 /* Debug */ = {
			isa = XCBuildConfiguration;
			buildSettings = {
				ALWAYS_SEARCH_USER_PATHS = NO;
				CLANG_ANALYZER_NONNULL = YES;
				CLANG_CXX_LANGUAGE_STANDARD = "gnu++0x";
				CLANG_CXX_LIBRARY = "libc++";
				CLANG_ENABLE_MODULES = YES;
				CLANG_ENABLE_OBJC_ARC = YES;
				CLANG_WARN_BOOL_CONVERSION = YES;
				CLANG_WARN_CONSTANT_CONVERSION = YES;
				CLANG_WARN_DIRECT_OBJC_ISA_USAGE = YES_ERROR;
				CLANG_WARN_EMPTY_BODY = YES;
				CLANG_WARN_ENUM_CONVERSION = YES;
				CLANG_WARN_INT_CONVERSION = YES;
				CLANG_WARN_OBJC_ROOT_CLASS = YES_ERROR;
				CLANG_WARN_UNREACHABLE_CODE = YES;
				CLANG_WARN__DUPLICATE_METHOD_MATCH = YES;
				"CODE_SIGN_IDENTITY[sdk=iphoneos*]" = "iPhone Developer";
				COPY_PHASE_STRIP = NO;
				DEBUG_INFORMATION_FORMAT = dwarf;
				ENABLE_STRICT_OBJC_MSGSEND = YES;
				ENABLE_TESTABILITY = YES;
				GCC_C_LANGUAGE_STANDARD = gnu99;
				GCC_DYNAMIC_NO_PIC = NO;
				GCC_NO_COMMON_BLOCKS = YES;
				GCC_OPTIMIZATION_LEVEL = 0;
				GCC_PREPROCESSOR_DEFINITIONS = (
					"DEBUG=1",
					"$(inherited)",
				);
				GCC_WARN_64_TO_32_BIT_CONVERSION = YES;
				GCC_WARN_ABOUT_RETURN_TYPE = YES_ERROR;
				GCC_WARN_UNDECLARED_SELECTOR = YES;
				GCC_WARN_UNINITIALIZED_AUTOS = YES_AGGRESSIVE;
				GCC_WARN_UNUSED_FUNCTION = YES;
				GCC_WARN_UNUSED_VARIABLE = YES;
				IPHONEOS_DEPLOYMENT_TARGET = 9.3;
				MTL_ENABLE_DEBUG_INFO = YES;
				ONLY_ACTIVE_ARCH = YES;
				SDKROOT = iphoneos;
				SWIFT_OPTIMIZATION_LEVEL = "-Onone";
			};
			name = Debug;
		};
		C24717AB1CFE652800EBD303 /* Release */ = {
			isa = XCBuildConfiguration;
			buildSettings = {
				ALWAYS_SEARCH_USER_PATHS = NO;
				CLANG_ANALYZER_NONNULL = YES;
				CLANG_CXX_LANGUAGE_STANDARD = "gnu++0x";
				CLANG_CXX_LIBRARY = "libc++";
				CLANG_ENABLE_MODULES = YES;
				CLANG_ENABLE_OBJC_ARC = YES;
				CLANG_WARN_BOOL_CONVERSION = YES;
				CLANG_WARN_CONSTANT_CONVERSION = YES;
				CLANG_WARN_DIRECT_OBJC_ISA_USAGE = YES_ERROR;
				CLANG_WARN_EMPTY_BODY = YES;
				CLANG_WARN_ENUM_CONVERSION = YES;
				CLANG_WARN_INT_CONVERSION = YES;
				CLANG_WARN_OBJC_ROOT_CLASS = YES_ERROR;
				CLANG_WARN_UNREACHABLE_CODE = YES;
				CLANG_WARN__DUPLICATE_METHOD_MATCH = YES;
				"CODE_SIGN_IDENTITY[sdk=iphoneos*]" = "iPhone Developer";
				COPY_PHASE_STRIP = NO;
				DEBUG_INFORMATION_FORMAT = "dwarf-with-dsym";
				ENABLE_NS_ASSERTIONS = NO;
				ENABLE_STRICT_OBJC_MSGSEND = YES;
				GCC_C_LANGUAGE_STANDARD = gnu99;
				GCC_NO_COMMON_BLOCKS = YES;
				GCC_WARN_64_TO_32_BIT_CONVERSION = YES;
				GCC_WARN_ABOUT_RETURN_TYPE = YES_ERROR;
				GCC_WARN_UNDECLARED_SELECTOR = YES;
				GCC_WARN_UNINITIALIZED_AUTOS = YES_AGGRESSIVE;
				GCC_WARN_UNUSED_FUNCTION = YES;
				GCC_WARN_UNUSED_VARIABLE = YES;
				IPHONEOS_DEPLOYMENT_TARGET = 9.3;
				MTL_ENABLE_DEBUG_INFO = NO;
				SDKROOT = iphoneos;
				VALIDATE_PRODUCT = YES;
			};
			name = Release;
		};
		C24717AD1CFE652800EBD303 /* Debug */ = {
			isa = XCBuildConfiguration;
			buildSettings = {
				ASSETCATALOG_COMPILER_APPICON_NAME = AppIcon;
				INFOPLIST_FILE = ViewSample/Info.plist;
				LD_RUNPATH_SEARCH_PATHS = "$(inherited) @executable_path/Frameworks";
				PRODUCT_BUNDLE_IDENTIFIER = com.JRChae.ViewSample;
				PRODUCT_NAME = "$(TARGET_NAME)";
			};
			name = Debug;
		};
		C24717AE1CFE652800EBD303 /* Release */ = {
			isa = XCBuildConfiguration;
			buildSettings = {
				ASSETCATALOG_COMPILER_APPICON_NAME = AppIcon;
				INFOPLIST_FILE = ViewSample/Info.plist;
				LD_RUNPATH_SEARCH_PATHS = "$(inherited) @executable_path/Frameworks";
				PRODUCT_BUNDLE_IDENTIFIER = com.JRChae.ViewSample;
				PRODUCT_NAME = "$(TARGET_NAME)";
			};
			name = Release;
		};
/* End XCBuildConfiguration section */

/* Begin XCConfigurationList section */
		C24717951CFE652800EBD303 /* Build configuration list for PBXProject "ViewSample" */ = {
			isa = XCConfigurationList;
			buildConfigurations = (
				C24717AA1CFE652800EBD303 /* Debug */,
				C24717AB1CFE652800EBD303 /* Release */,
			);
			defaultConfigurationIsVisible = 0;
			defaultConfigurationName = Release;
		};
		C24717AC1CFE652800EBD303 /* Build configuration list for PBXNativeTarget "ViewSample" */ = {
			isa = XCConfigurationList;
			buildConfigurations = (
				C24717AD1CFE652800EBD303 /* Debug */,
				C24717AE1CFE652800EBD303 /* Release */,
			);
			defaultConfigurationIsVisible = 0;
		};
/* End XCConfigurationList section */
	};
	rootObject = C24717921CFE652800EBD303 /* Project object */;
}
